
Microsoft Visual Studio Solution File, Format Version 12.00
# Visual Studio 15
VisualStudioVersion = 15.0.28010.2048
MinimumVisualStudioVersion = 10.0.40219.1
Project("{FAE04EC0-301F-11D3-BF4B-00C04F79EFBC}") = "FitLanches.Dominio", "FitLanches.Dominio\FitLanches.Dominio.csproj", "{53A790FE-C03D-4273-A6AD-C1C99641F4F4}"
EndProject
Project("{FAE04EC0-301F-11D3-BF4B-00C04F79EFBC}") = "FitLanches.Comum", "FitLanches.Comum\FitLanches.Comum.csproj", "{BD7D4FFD-7318-4660-9744-FEF216CE3C1B}"
EndProject
Project("{FAE04EC0-301F-11D3-BF4B-00C04F79EFBC}") = "FitLanches.UI", "FitLanches.UI\FitLanches.UI.csproj", "{A13BED23-BF1B-4D96-8924-9730EE8FA2A3}"
EndProject
Project("{FAE04EC0-301F-11D3-BF4B-00C04F79EFBC}") = "FitLanches.Util", "FitLanches.Util\FitLanches.Util.csproj", "{D364C3F1-84BD-486B-A90D-BC6ACA04F3A7}"
EndProject
Project("{FAE04EC0-301F-11D3-BF4B-00C04F79EFBC}") = "FitLanches.BLL", "FitLanches.BLL\FitLanches.BLL.csproj", "{6E92B336-5D33-4D10-BE97-34D95827F33B}"
EndProject
Project("{FAE04EC0-301F-11D3-BF4B-00C04F79EFBC}") = "FitLanches.DAL", "FitLanches.DAL\FitLanches.DAL.csproj", "{2E9BEB37-5C0E-4F0C-8B01-B42EAD2CF7C5}"
EndProject
Project("{FAE04EC0-301F-11D3-BF4B-00C04F79EFBC}") = "FitLanches.Repositorio", "FitLanches.Repositorio\FitLanches.Repositorio.csproj", "{2A71DD8C-1B8C-477E-B19B-E2D88FF51028}"
EndProject
Global
	GlobalSection(SolutionConfigurationPlatforms) = preSolution
		Debug|Any CPU = Debug|Any CPU
		Release|Any CPU = Release|Any CPU
	EndGlobalSection
	GlobalSection(ProjectConfigurationPlatforms) = postSolution
		{53A790FE-C03D-4273-A6AD-C1C99641F4F4}.Debug|Any CPU.ActiveCfg = Debug|Any CPU
		{53A790FE-C03D-4273-A6AD-C1C99641F4F4}.Debug|Any CPU.Build.0 = Debug|Any CPU
		{53A790FE-C03D-4273-A6AD-C1C99641F4F4}.Release|Any CPU.ActiveCfg = Release|Any CPU
		{53A790FE-C03D-4273-A6AD-C1C99641F4F4}.Release|Any CPU.Build.0 = Release|Any CPU
		{BD7D4FFD-7318-4660-9744-FEF216CE3C1B}.Debug|Any CPU.ActiveCfg = Debug|Any CPU
		{BD7D4FFD-7318-4660-9744-FEF216CE3C1B}.Debug|Any CPU.Build.0 = Debug|Any CPU
		{BD7D4FFD-7318-4660-9744-FEF216CE3C1B}.Release|Any CPU.ActiveCfg = Release|Any CPU
		{BD7D4FFD-7318-4660-9744-FEF216CE3C1B}.Release|Any CPU.Build.0 = Release|Any CPU
		{A13BED23-BF1B-4D96-8924-9730EE8FA2A3}.Debug|Any CPU.ActiveCfg = Debug|Any CPU
		{A13BED23-BF1B-4D96-8924-9730EE8FA2A3}.Debug|Any CPU.Build.0 = Debug|Any CPU
		{A13BED23-BF1B-4D96-8924-9730EE8FA2A3}.Release|Any CPU.ActiveCfg = Release|Any CPU
		{A13BED23-BF1B-4D96-8924-9730EE8FA2A3}.Release|Any CPU.Build.0 = Release|Any CPU
		{D364C3F1-84BD-486B-A90D-BC6ACA04F3A7}.Debug|Any CPU.ActiveCfg = Debug|Any CPU
		{D364C3F1-84BD-486B-A90D-BC6ACA04F3A7}.Debug|Any CPU.Build.0 = Debug|Any CPU
		{D364C3F1-84BD-486B-A90D-BC6ACA04F3A7}.Release|Any CPU.ActiveCfg = Release|Any CPU
		{D364C3F1-84BD-486B-A90D-BC6ACA04F3A7}.Release|Any CPU.Build.0 = Release|Any CPU
		{6E92B336-5D33-4D10-BE97-34D95827F33B}.Debug|Any CPU.ActiveCfg = Debug|Any CPU
		{6E92B336-5D33-4D10-BE97-34D95827F33B}.Debug|Any CPU.Build.0 = Debug|Any CPU
		{6E92B336-5D33-4D10-BE97-34D95827F33B}.Release|Any CPU.ActiveCfg = Release|Any CPU
		{6E92B336-5D33-4D10-BE97-34D95827F33B}.Release|Any CPU.Build.0 = Release|Any CPU
		{2E9BEB37-5C0E-4F0C-8B01-B42EAD2CF7C5}.Debug|Any CPU.ActiveCfg = Debug|Any CPU
		{2E9BEB37-5C0E-4F0C-8B01-B42EAD2CF7C5}.Debug|Any CPU.Build.0 = Debug|Any CPU
		{2E9BEB37-5C0E-4F0C-8B01-B42EAD2CF7C5}.Release|Any CPU.ActiveCfg = Release|Any CPU
		{2E9BEB37-5C0E-4F0C-8B01-B42EAD2CF7C5}.Release|Any CPU.Build.0 = Release|Any CPU
		{2A71DD8C-1B8C-477E-B19B-E2D88FF51028}.Debug|Any CPU.ActiveCfg = Debug|Any CPU
		{2A71DD8C-1B8C-477E-B19B-E2D88FF51028}.Debug|Any CPU.Build.0 = Debug|Any CPU
		{2A71DD8C-1B8C-477E-B19B-E2D88FF51028}.Release|Any CPU.ActiveCfg = Release|Any CPU
		{2A71DD8C-1B8C-477E-B19B-E2D88FF51028}.Release|Any CPU.Build.0 = Release|Any CPU
	EndGlobalSection
	GlobalSection(SolutionProperties) = preSolution
		HideSolutionNode = FALSE
	EndGlobalSection
	GlobalSection(ExtensibilityGlobals) = postSolution
		SolutionGuid = {08E2861F-35D7-4C5D-8A7C-FFF20F74728E}
	EndGlobalSection
EndGlobal
